
Microsoft Visual Studio Solution File, Format Version 12.00
# Visual Studio Version 16
VisualStudioVersion = 16.0.30523.141
MinimumVisualStudioVersion = 10.0.40219.1
Project("{FAE04EC0-301F-11D3-BF4B-00C04F79EFBC}") = "login2", "login2\login2.csproj", "{800E5769-634C-4822-944D-A7C7155C7D3A}"
EndProject
Global
	GlobalSection(SolutionConfigurationPlatforms) = preSolution
		Debug|Any CPU = Debug|Any CPU
		Release|Any CPU = Release|Any CPU
	EndGlobalSection
	GlobalSection(ProjectConfigurationPlatforms) = postSolution
		{800E5769-634C-4822-944D-A7C7155C7D3A}.Debug|Any CPU.ActiveCfg = Debug|Any CPU
		{800E5769-634C-4822-944D-A7C7155C7D3A}.Debug|Any CPU.Build.0 = Debug|Any CPU
		{800E5769-634C-4822-944D-A7C7155C7D3A}.Release|Any CPU.ActiveCfg = Release|Any CPU
		{800E5769-634C-4822-944D-A7C7155C7D3A}.Release|Any CPU.Build.0 = Release|Any CPU
	EndGlobalSection
	GlobalSection(SolutionProperties) = preSolution
		HideSolutionNode = FALSE
	EndGlobalSection
	GlobalSection(ExtensibilityGlobals) = postSolution
		SolutionGuid = {C6256076-8FE8-479B-AF48-CCCDE08A011E}
	EndGlobalSection
EndGlobal
